// !$*UTF8*$!
{
	archiveVersion = 1;
	classes = {
	};
	objectVersion = 46;
	objects = {

/* Begin PBXBuildFile section */
		DC394C721E70EEC100D24CEF /* NSDictionary+JSONSafeGet.m in Sources */ = {isa = PBXBuildFile; fileRef = DC394C711E70EEC100D24CEF /* NSDictionary+JSONSafeGet.m */; };
		DC65787C1CAD0C1100679FD3 /* main.m in Sources */ = {isa = PBXBuildFile; fileRef = DC65787B1CAD0C1100679FD3 /* main.m */; };
		DC65787F1CAD0C1100679FD3 /* AppDelegate.m in Sources */ = {isa = PBXBuildFile; fileRef = DC65787E1CAD0C1100679FD3 /* AppDelegate.m */; };
		DC6578821CAD0C1100679FD3 /* ViewController.m in Sources */ = {isa = PBXBuildFile; fileRef = DC6578811CAD0C1100679FD3 /* ViewController.m */; };
		DC6578851CAD0C1100679FD3 /* Main.storyboard in Resources */ = {isa = PBXBuildFile; fileRef = DC6578831CAD0C1100679FD3 /* Main.storyboard */; };
		DC6578871CAD0C1100679FD3 /* Assets.xcassets in Resources */ = {isa = PBXBuildFile; fileRef = DC6578861CAD0C1100679FD3 /* Assets.xcassets */; };
		DC65788A1CAD0C1100679FD3 /* LaunchScreen.storyboard in Resources */ = {isa = PBXBuildFile; fileRef = DC6578881CAD0C1100679FD3 /* LaunchScreen.storyboard */; };
		DC6578961CAD0C9400679FD3 /* ATWebViewJavaScriptCore.html in Resources */ = {isa = PBXBuildFile; fileRef = DC6578931CAD0C9400679FD3 /* ATWebViewJavaScriptCore.html */; };
		DC6578981CAD0C9400679FD3 /* ATWebViewJavaScriptCore.m in Sources */ = {isa = PBXBuildFile; fileRef = DC6578951CAD0C9400679FD3 /* ATWebViewJavaScriptCore.m */; };
/* End PBXBuildFile section */

/* Begin PBXFileReference section */
		DC394C701E70EEC000D24CEF /* NSDictionary+JSONSafeGet.h */ = {isa = PBXFileReference; fileEncoding = 4; lastKnownFileType = sourcecode.c.h; path = "NSDictionary+JSONSafeGet.h"; sourceTree = "<group>"; };
		DC394C711E70EEC100D24CEF /* NSDictionary+JSONSafeGet.m */ = {isa = PBXFileReference; fileEncoding = 4; lastKnownFileType = sourcecode.c.objc; path = "NSDictionary+JSONSafeGet.m"; sourceTree = "<group>"; };
		DC6578771CAD0C1100679FD3 /* demo.app */ = {isa = PBXFileReference; explicitFileType = wrapper.application; includeInIndex = 0; path = demo.app; sourceTree = BUILT_PRODUCTS_DIR; };
		DC65787B1CAD0C1100679FD3 /* main.m */ = {isa = PBXFileReference; lastKnownFileType = sourcecode.c.objc; path = main.m; sourceTree = "<group>"; };
		DC65787D1CAD0C1100679FD3 /* AppDelegate.h */ = {isa = PBXFileReference; lastKnownFileType = sourcecode.c.h; path = AppDelegate.h; sourceTree = "<group>"; };
		DC65787E1CAD0C1100679FD3 /* AppDelegate.m */ = {isa = PBXFileReference; lastKnownFileType = sourcecode.c.objc; path = AppDelegate.m; sourceTree = "<group>"; };
		DC6578801CAD0C1100679FD3 /* ViewController.h */ = {isa = PBXFileReference; lastKnownFileType = sourcecode.c.h; path = ViewController.h; sourceTree = "<group>"; };
		DC6578811CAD0C1100679FD3 /* ViewController.m */ = {isa = PBXFileReference; lastKnownFileType = sourcecode.c.objc; path = ViewController.m; sourceTree = "<group>"; };
		DC6578841CAD0C1100679FD3 /* Base */ = {isa = PBXFileReference; lastKnownFileType = file.storyboard; name = Base; path = Base.lproj/Main.storyboard; sourceTree = "<group>"; };
		DC6578861CAD0C1100679FD3 /* Assets.xcassets */ = {isa = PBXFileReference; lastKnownFileType = folder.assetcatalog; path = Assets.xcassets; sourceTree = "<group>"; };
		DC6578891CAD0C1100679FD3 /* Base */ = {isa = PBXFileReference; lastKnownFileType = file.storyboard; name = Base; path = Base.lproj/LaunchScreen.storyboard; sourceTree = "<group>"; };
		DC65788B1CAD0C1100679FD3 /* Info.plist */ = {isa = PBXFileReference; lastKnownFileType = text.plist.xml; path = Info.plist; sourceTree = "<group>"; };
		DC6578921CAD0C9400679FD3 /* ATWebViewJavaScriptCore.h */ = {isa = PBXFileReference; fileEncoding = 4; lastKnownFileType = sourcecode.c.h; path = ATWebViewJavaScriptCore.h; sourceTree = "<group>"; };
		DC6578931CAD0C9400679FD3 /* ATWebViewJavaScriptCore.html */ = {isa = PBXFileReference; fileEncoding = 4; lastKnownFileType = text.html; path = ATWebViewJavaScriptCore.html; sourceTree = "<group>"; };
		DC6578951CAD0C9400679FD3 /* ATWebViewJavaScriptCore.m */ = {isa = PBXFileReference; fileEncoding = 4; lastKnownFileType = sourcecode.c.objc; path = ATWebViewJavaScriptCore.m; sourceTree = "<group>"; };
/* End PBXFileReference section */

/* Begin PBXFrameworksBuildPhase section */
		DC6578741CAD0C1100679FD3 /* Frameworks */ = {
			isa = PBXFrameworksBuildPhase;
			buildActionMask = 2147483647;
			files = (
			);
			runOnlyForDeploymentPostprocessing = 0;
		};
/* End PBXFrameworksBuildPhase section */

/* Begin PBXGroup section */
		DC65786E1CAD0C1000679FD3 = {
			isa = PBXGroup;
			children = (
				DC6578911CAD0C9400679FD3 /* core */,
				DC6578791CAD0C1100679FD3 /* demo */,
				DC6578781CAD0C1100679FD3 /* Products */,
			);
			sourceTree = "<group>";
		};
		DC6578781CAD0C1100679FD3 /* Products */ = {
			isa = PBXGroup;
			children = (
				DC6578771CAD0C1100679FD3 /* demo.app */,
			);
			name = Products;
			sourceTree = "<group>";
		};
		DC6578791CAD0C1100679FD3 /* demo */ = {
			isa = PBXGroup;
			children = (
				DC65787D1CAD0C1100679FD3 /* AppDelegate.h */,
				DC65787E1CAD0C1100679FD3 /* AppDelegate.m */,
				DC6578801CAD0C1100679FD3 /* ViewController.h */,
				DC6578811CAD0C1100679FD3 /* ViewController.m */,
				DC6578831CAD0C1100679FD3 /* Main.storyboard */,
				DC6578861CAD0C1100679FD3 /* Assets.xcassets */,
				DC6578881CAD0C1100679FD3 /* LaunchScreen.storyboard */,
				DC65788B1CAD0C1100679FD3 /* Info.plist */,
				DC65787A1CAD0C1100679FD3 /* Supporting Files */,
			);
			path = demo;
			sourceTree = "<group>";
		};
		DC65787A1CAD0C1100679FD3 /* Supporting Files */ = {
			isa = PBXGroup;
			children = (
				DC65787B1CAD0C1100679FD3 /* main.m */,
			);
			name = "Supporting Files";
			sourceTree = "<group>";
		};
		DC6578911CAD0C9400679FD3 /* core */ = {
			isa = PBXGroup;
			children = (
				DC6578921CAD0C9400679FD3 /* ATWebViewJavaScriptCore.h */,
				DC6578931CAD0C9400679FD3 /* ATWebViewJavaScriptCore.html */,
				DC6578951CAD0C9400679FD3 /* ATWebViewJavaScriptCore.m */,
				DC394C701E70EEC000D24CEF /* NSDictionary+JSONSafeGet.h */,
				DC394C711E70EEC100D24CEF /* NSDictionary+JSONSafeGet.m */,
			);
			name = core;
			path = ../core;
			sourceTree = "<group>";
		};
/* End PBXGroup section */

/* Begin PBXNativeTarget section */
		DC6578761CAD0C1100679FD3 /* demo */ = {
			isa = PBXNativeTarget;
			buildConfigurationList = DC65788E1CAD0C1100679FD3 /* Build configuration list for PBXNativeTarget "demo" */;
			buildPhases = (
				DC6578731CAD0C1100679FD3 /* Sources */,
				DC6578741CAD0C1100679FD3 /* Frameworks */,
				DC6578751CAD0C1100679FD3 /* Resources */,
			);
			buildRules = (
			);
			dependencies = (
			);
			name = demo;
			productName = demo;
			productReference = DC6578771CAD0C1100679FD3 /* demo.app */;
			productType = "com.apple.product-type.application";
		};
/* End PBXNativeTarget section */

/* Begin PBXProject section */
		DC65786F1CAD0C1000679FD3 /* Project object */ = {
			isa = PBXProject;
			attributes = {
				LastUpgradeCheck = 0710;
				ORGANIZATIONNAME = linzhiman;
				TargetAttributes = {
					DC6578761CAD0C1100679FD3 = {
						CreatedOnToolsVersion = 7.1;
					};
				};
			};
			buildConfigurationList = DC6578721CAD0C1000679FD3 /* Build configuration list for PBXProject "demo" */;
			compatibilityVersion = "Xcode 3.2";
			developmentRegion = English;
			hasScannedForEncodings = 0;
			knownRegions = (
				en,
				Base,
			);
			mainGroup = DC65786E1CAD0C1000679FD3;
			productRefGroup = DC6578781CAD0C1100679FD3 /* Products */;
			projectDirPath = "";
			projectRoot = "";
			targets = (
				DC6578761CAD0C1100679FD3 /* demo */,
			);
		};
/* End PBXProject section */

/* Begin PBXResourcesBuildPhase section */
		DC6578751CAD0C1100679FD3 /* Resources */ = {
			isa = PBXResourcesBuildPhase;
			buildActionMask = 2147483647;
			files = (
				DC65788A1CAD0C1100679FD3 /* LaunchScreen.storyboard in Resources */,
				DC6578871CAD0C1100679FD3 /* Assets.xcassets in Resources */,
				DC6578851CAD0C1100679FD3 /* Main.storyboard in Resources */,
				DC6578961CAD0C9400679FD3 /* ATWebViewJavaScriptCore.html in Resources */,
			);
			runOnlyForDeploymentPostprocessing = 0;
		};
/* End PBXResourcesBuildPhase section */

/* Begin PBXSourcesBuildPhase section */
		DC6578731CAD0C1100679FD3 /* Sources */ = {
			isa = PBXSourcesBuildPhase;
			buildActionMask = 2147483647;
			files = (
				DC6578981CAD0C9400679FD3 /* ATWebViewJavaScriptCore.m in Sources */,
				DC6578821CAD0C1100679FD3 /* ViewController.m in Sources */,
				DC65787F1CAD0C1100679FD3 /* AppDelegate.m in Sources */,
				DC65787C1CAD0C1100679FD3 /* main.m in Sources */,
				DC394C721E70EEC100D24CEF /* NSDictionary+JSONSafeGet.m in Sources */,
			);
			runOnlyForDeploymentPostprocessing = 0;
		};
/* End PBXSourcesBuildPhase section */

/* Begin PBXVariantGroup section */
		DC6578831CAD0C1100679FD3 /* Main.storyboard */ = {
			isa = PBXVariantGroup;
			children = (
				DC6578841CAD0C1100679FD3 /* Base */,
			);
			name = Main.storyboard;
			sourceTree = "<group>";
		};
		DC6578881CAD0C1100679FD3 /* LaunchScreen.storyboard */ = {
			isa = PBXVariantGroup;
			children = (
				DC6578891CAD0C1100679FD3 /* Base */,
			);
			name = LaunchScreen.storyboard;
			sourceTree = "<group>";
		};
/* End PBXVariantGroup section */

/* Begin XCBuildConfiguration section */
		DC65788C1CAD0C1100679FD3 /* Debug */ = {
			isa = XCBuildConfiguration;
			buildSettings = {
				ALWAYS_SEARCH_USER_PATHS = NO;
				CLANG_CXX_LANGUAGE_STANDARD = "gnu++0x";
				CLANG_CXX_LIBRARY = "libc++";
				CLANG_ENABLE_MODULES = YES;
				CLANG_ENABLE_OBJC_ARC = YES;
				CLANG_WARN_BOOL_CONVERSION = YES;
				CLANG_WARN_CONSTANT_CONVERSION = YES;
				CLANG_WARN_DIRECT_OBJC_ISA_USAGE = YES_ERROR;
				CLANG_WARN_EMPTY_BODY = YES;
				CLANG_WARN_ENUM_CONVERSION = YES;
				CLANG_WARN_INT_CONVERSION = YES;
				CLANG_WARN_OBJC_ROOT_CLASS = YES_ERROR;
				CLANG_WARN_UNREACHABLE_CODE = YES;
				CLANG_WARN__DUPLICATE_METHOD_MATCH = YES;
				"CODE_SIGN_IDENTITY[sdk=iphoneos*]" = "iPhone Developer";
				COPY_PHASE_STRIP = NO;
				DEBUG_INFORMATION_FORMAT = dwarf;
				ENABLE_STRICT_OBJC_MSGSEND = YES;
				ENABLE_TESTABILITY = YES;
				GCC_C_LANGUAGE_STANDARD = gnu99;
				GCC_DYNAMIC_NO_PIC = NO;
				GCC_NO_COMMON_BLOCKS = YES;
				GCC_OPTIMIZATION_LEVEL = 0;
				GCC_PREPROCESSOR_DEFINITIONS = (
					"DEBUG=1",
					"$(inherited)",
				);
				GCC_WARN_64_TO_32_BIT_CONVERSION = YES;
				GCC_WARN_ABOUT_RETURN_TYPE = YES_ERROR;
				GCC_WARN_UNDECLARED_SELECTOR = YES;
				GCC_WARN_UNINITIALIZED_AUTOS = YES_AGGRESSIVE;
				GCC_WARN_UNUSED_FUNCTION = YES;
				GCC_WARN_UNUSED_VARIABLE = YES;
				IPHONEOS_DEPLOYMENT_TARGET = 9.1;
				MTL_ENABLE_DEBUG_INFO = YES;
				ONLY_ACTIVE_ARCH = YES;
				SDKROOT = iphoneos;
			};
			name = Debug;
		};
		DC65788D1CAD0C1100679FD3 /* Release */ = {
			isa = XCBuildConfiguration;
			buildSettings = {
				ALWAYS_SEARCH_USER_PATHS = NO;
				CLANG_CXX_LANGUAGE_STANDARD = "gnu++0x";
				CLANG_CXX_LIBRARY = "libc++";
				CLANG_ENABLE_MODULES = YES;
				CLANG_ENABLE_OBJC_ARC = YES;
				CLANG_WARN_BOOL_CONVERSION = YES;
				CLANG_WARN_CONSTANT_CONVERSION = YES;
				CLANG_WARN_DIRECT_OBJC_ISA_USAGE = YES_ERROR;
				CLANG_WARN_EMPTY_BODY = YES;
				CLANG_WARN_ENUM_CONVERSION = YES;
				CLANG_WARN_INT_CONVERSION = YES;
				CLANG_WARN_OBJC_ROOT_CLASS = YES_ERROR;
				CLANG_WARN_UNREACHABLE_CODE = YES;
				CLANG_WARN__DUPLICATE_METHOD_MATCH = YES;
				"CODE_SIGN_IDENTITY[sdk=iphoneos*]" = "iPhone Developer";
				COPY_PHASE_STRIP = NO;
				DEBUG_INFORMATION_FORMAT = "dwarf-with-dsym";
				ENABLE_NS_ASSERTIONS = NO;
				ENABLE_STRICT_OBJC_MSGSEND = YES;
				GCC_C_LANGUAGE_STANDARD = gnu99;
				GCC_NO_COMMON_BLOCKS = YES;
				GCC_WARN_64_TO_32_BIT_CONVERSION = YES;
				GCC_WARN_ABOUT_RETURN_TYPE = YES_ERROR;
				GCC_WARN_UNDECLARED_SELECTOR = YES;
				GCC_WARN_UNINITIALIZED_AUTOS = YES_AGGRESSIVE;
				GCC_WARN_UNUSED_FUNCTION = YES;
				GCC_WARN_UNUSED_VARIABLE = YES;
				IPHONEOS_DEPLOYMENT_TARGET = 9.1;
				MTL_ENABLE_DEBUG_INFO = NO;
				SDKROOT = iphoneos;
				VALIDATE_PRODUCT = YES;
			};
			name = Release;
		};
		DC65788F1CAD0C1100679FD3 /* Debug */ = {
			isa = XCBuildConfiguration;
			buildSettings = {
				ASSETCATALOG_COMPILER_APPICON_NAME = AppIcon;
				INFOPLIST_FILE = demo/Info.plist;
				LD_RUNPATH_SEARCH_PATHS = "$(inherited) @executable_path/Frameworks";
				PRODUCT_BUNDLE_IDENTIFIER = com.linzhiman.demo;
				PRODUCT_NAME = "$(TARGET_NAME)";
			};
			name = Debug;
		};
		DC6578901CAD0C1100679FD3 /* Release */ = {
			isa = XCBuildConfiguration;
			buildSettings = {
				ASSETCATALOG_COMPILER_APPICON_NAME = AppIcon;
				INFOPLIST_FILE = demo/Info.plist;
				LD_RUNPATH_SEARCH_PATHS = "$(inherited) @executable_path/Frameworks";
				PRODUCT_BUNDLE_IDENTIFIER = com.linzhiman.demo;
				PRODUCT_NAME = "$(TARGET_NAME)";
			};
			name = Release;
		};
/* End XCBuildConfiguration section */

/* Begin XCConfigurationList section */
		DC6578721CAD0C1000679FD3 /* Build configuration list for PBXProject "demo" */ = {
			isa = XCConfigurationList;
			buildConfigurations = (
				DC65788C1CAD0C1100679FD3 /* Debug */,
				DC65788D1CAD0C1100679FD3 /* Release */,
			);
			defaultConfigurationIsVisible = 0;
			defaultConfigurationName = Release;
		};
		DC65788E1CAD0C1100679FD3 /* Build configuration list for PBXNativeTarget "demo" */ = {
			isa = XCConfigurationList;
			buildConfigurations = (
				DC65788F1CAD0C1100679FD3 /* Debug */,
				DC6578901CAD0C1100679FD3 /* Release */,
			);
			defaultConfigurationIsVisible = 0;
			defaultConfigurationName = Release;
		};
/* End XCConfigurationList section */
	};
	rootObject = DC65786F1CAD0C1000679FD3 /* Project object */;
}
